// !$*UTF8*$!
{
	archiveVersion = 1;
	classes = {
	};
	objectVersion = 56;
	objects = {

/* Begin PBXBuildFile section */
		9393F005299D3D6B002E5408 /* BadgeBackground.swift in Sources */ = {isa = PBXBuildFile; fileRef = 9393F004299D3D6B002E5408 /* BadgeBackground.swift */; };
		9393F007299D3F14002E5408 /* BadgeSymbol.swift in Sources */ = {isa = PBXBuildFile; fileRef = 9393F006299D3F14002E5408 /* BadgeSymbol.swift */; };
		9393F009299D40F6002E5408 /* RotatedBadgeSymbol.swift in Sources */ = {isa = PBXBuildFile; fileRef = 9393F008299D40F6002E5408 /* RotatedBadgeSymbol.swift */; };
		9393F00B299D411B002E5408 /* Badge.swift in Sources */ = {isa = PBXBuildFile; fileRef = 9393F00A299D411B002E5408 /* Badge.swift */; };
		93B0826729943FA100CE3816 /* LandmarksApp.swift in Sources */ = {isa = PBXBuildFile; fileRef = 93B0826629943FA100CE3816 /* LandmarksApp.swift */; };
		93B0826B29943FA200CE3816 /* Assets.xcassets in Resources */ = {isa = PBXBuildFile; fileRef = 93B0826A29943FA200CE3816 /* Assets.xcassets */; };
		93B0826E29943FA200CE3816 /* Preview Assets.xcassets in Resources */ = {isa = PBXBuildFile; fileRef = 93B0826D29943FA200CE3816 /* Preview Assets.xcassets */; };
		93B082752994417700CE3816 /* CircleImage.swift in Sources */ = {isa = PBXBuildFile; fileRef = 93B082742994417700CE3816 /* CircleImage.swift */; };
		93B08277299441DE00CE3816 /* MapView.swift in Sources */ = {isa = PBXBuildFile; fileRef = 93B08276299441DE00CE3816 /* MapView.swift */; };
		93B08279299444E000CE3816 /* landmarkData.json in Resources */ = {isa = PBXBuildFile; fileRef = 93B08278299444E000CE3816 /* landmarkData.json */; };
		93B0827B2994450300CE3816 /* Landmark.swift in Sources */ = {isa = PBXBuildFile; fileRef = 93B0827A2994450300CE3816 /* Landmark.swift */; };
		93B0827D299445E800CE3816 /* ModelData.swift in Sources */ = {isa = PBXBuildFile; fileRef = 93B0827C299445E800CE3816 /* ModelData.swift */; };
		93B082822994466200CE3816 /* LandmarkRow.swift in Sources */ = {isa = PBXBuildFile; fileRef = 93B082812994466200CE3816 /* LandmarkRow.swift */; };
		93B082842994476600CE3816 /* LandmarkList.swift in Sources */ = {isa = PBXBuildFile; fileRef = 93B082832994476600CE3816 /* LandmarkList.swift */; };
		93B08286299447E500CE3816 /* LandmarkDetail.swift in Sources */ = {isa = PBXBuildFile; fileRef = 93B08285299447E500CE3816 /* LandmarkDetail.swift */; };
		93B0828829944E9300CE3816 /* ContentView.swift in Sources */ = {isa = PBXBuildFile; fileRef = 93B0828729944E9300CE3816 /* ContentView.swift */; };
		93C192462995BAFF000746C0 /* FavoriteButton.swift in Sources */ = {isa = PBXBuildFile; fileRef = 93C192452995BAFF000746C0 /* FavoriteButton.swift */; };
		93C1924A2995BF9A000746C0 /* HexagonParameters.swift in Sources */ = {isa = PBXBuildFile; fileRef = 93C192492995BF9A000746C0 /* HexagonParameters.swift */; };
		93DD3C9829A09A3300C8BE0C /* hikeData.json in Resources */ = {isa = PBXBuildFile; fileRef = 93DD3C9729A09A3300C8BE0C /* hikeData.json */; };
		93DD3C9C29A09AF900C8BE0C /* Hike.swift in Sources */ = {isa = PBXBuildFile; fileRef = 93DD3C9B29A09AF900C8BE0C /* Hike.swift */; };
		93DD3CA229A09D6200C8BE0C /* GraphCapsule.swift in Sources */ = {isa = PBXBuildFile; fileRef = 93DD3C9E29A09D6200C8BE0C /* GraphCapsule.swift */; };
		93DD3CA329A09D6200C8BE0C /* HikeDetail.swift in Sources */ = {isa = PBXBuildFile; fileRef = 93DD3C9F29A09D6200C8BE0C /* HikeDetail.swift */; };
		93DD3CA429A09D6200C8BE0C /* HikeGraph.swift in Sources */ = {isa = PBXBuildFile; fileRef = 93DD3CA029A09D6200C8BE0C /* HikeGraph.swift */; };
		93DD3CA529A09D6200C8BE0C /* HikeView.swift in Sources */ = {isa = PBXBuildFile; fileRef = 93DD3CA129A09D6200C8BE0C /* HikeView.swift */; };
/* End PBXBuildFile section */

/* Begin PBXFileReference section */
		9393F004299D3D6B002E5408 /* BadgeBackground.swift */ = {isa = PBXFileReference; lastKnownFileType = sourcecode.swift; path = BadgeBackground.swift; sourceTree = "<group>"; };
		9393F006299D3F14002E5408 /* BadgeSymbol.swift */ = {isa = PBXFileReference; lastKnownFileType = sourcecode.swift; path = BadgeSymbol.swift; sourceTree = "<group>"; };
		9393F008299D40F6002E5408 /* RotatedBadgeSymbol.swift */ = {isa = PBXFileReference; lastKnownFileType = sourcecode.swift; path = RotatedBadgeSymbol.swift; sourceTree = "<group>"; };
		9393F00A299D411B002E5408 /* Badge.swift */ = {isa = PBXFileReference; lastKnownFileType = sourcecode.swift; path = Badge.swift; sourceTree = "<group>"; };
		93B0826329943FA100CE3816 /* Landmarks.app */ = {isa = PBXFileReference; explicitFileType = wrapper.application; includeInIndex = 0; path = Landmarks.app; sourceTree = BUILT_PRODUCTS_DIR; };
		93B0826629943FA100CE3816 /* LandmarksApp.swift */ = {isa = PBXFileReference; lastKnownFileType = sourcecode.swift; path = LandmarksApp.swift; sourceTree = "<group>"; };
		93B0826A29943FA200CE3816 /* Assets.xcassets */ = {isa = PBXFileReference; lastKnownFileType = folder.assetcatalog; path = Assets.xcassets; sourceTree = "<group>"; };
		93B0826D29943FA200CE3816 /* Preview Assets.xcassets */ = {isa = PBXFileReference; lastKnownFileType = folder.assetcatalog; path = "Preview Assets.xcassets"; sourceTree = "<group>"; };
		93B082742994417700CE3816 /* CircleImage.swift */ = {isa = PBXFileReference; lastKnownFileType = sourcecode.swift; path = CircleImage.swift; sourceTree = "<group>"; };
		93B08276299441DE00CE3816 /* MapView.swift */ = {isa = PBXFileReference; lastKnownFileType = sourcecode.swift; path = MapView.swift; sourceTree = "<group>"; };
		93B08278299444E000CE3816 /* landmarkData.json */ = {isa = PBXFileReference; fileEncoding = 4; lastKnownFileType = text.json; path = landmarkData.json; sourceTree = "<group>"; };
		93B0827A2994450300CE3816 /* Landmark.swift */ = {isa = PBXFileReference; lastKnownFileType = sourcecode.swift; path = Landmark.swift; sourceTree = "<group>"; };
		93B0827C299445E800CE3816 /* ModelData.swift */ = {isa = PBXFileReference; lastKnownFileType = sourcecode.swift; path = ModelData.swift; sourceTree = "<group>"; };
		93B082812994466200CE3816 /* LandmarkRow.swift */ = {isa = PBXFileReference; lastKnownFileType = sourcecode.swift; path = LandmarkRow.swift; sourceTree = "<group>"; };
		93B082832994476600CE3816 /* LandmarkList.swift */ = {isa = PBXFileReference; lastKnownFileType = sourcecode.swift; path = LandmarkList.swift; sourceTree = "<group>"; };
		93B08285299447E500CE3816 /* LandmarkDetail.swift */ = {isa = PBXFileReference; lastKnownFileType = sourcecode.swift; path = LandmarkDetail.swift; sourceTree = "<group>"; };
		93B0828729944E9300CE3816 /* ContentView.swift */ = {isa = PBXFileReference; lastKnownFileType = sourcecode.swift; path = ContentView.swift; sourceTree = "<group>"; };
		93C192452995BAFF000746C0 /* FavoriteButton.swift */ = {isa = PBXFileReference; lastKnownFileType = sourcecode.swift; path = FavoriteButton.swift; sourceTree = "<group>"; };
		93C192492995BF9A000746C0 /* HexagonParameters.swift */ = {isa = PBXFileReference; lastKnownFileType = sourcecode.swift; path = HexagonParameters.swift; sourceTree = "<group>"; };
		93DD3C9729A09A3300C8BE0C /* hikeData.json */ = {isa = PBXFileReference; fileEncoding = 4; lastKnownFileType = text.json; path = hikeData.json; sourceTree = "<group>"; };
		93DD3C9B29A09AF900C8BE0C /* Hike.swift */ = {isa = PBXFileReference; lastKnownFileType = sourcecode.swift; path = Hike.swift; sourceTree = "<group>"; };
		93DD3C9E29A09D6200C8BE0C /* GraphCapsule.swift */ = {isa = PBXFileReference; fileEncoding = 4; lastKnownFileType = sourcecode.swift; path = GraphCapsule.swift; sourceTree = "<group>"; };
		93DD3C9F29A09D6200C8BE0C /* HikeDetail.swift */ = {isa = PBXFileReference; fileEncoding = 4; lastKnownFileType = sourcecode.swift; path = HikeDetail.swift; sourceTree = "<group>"; };
		93DD3CA029A09D6200C8BE0C /* HikeGraph.swift */ = {isa = PBXFileReference; fileEncoding = 4; lastKnownFileType = sourcecode.swift; path = HikeGraph.swift; sourceTree = "<group>"; };
		93DD3CA129A09D6200C8BE0C /* HikeView.swift */ = {isa = PBXFileReference; fileEncoding = 4; lastKnownFileType = sourcecode.swift; path = HikeView.swift; sourceTree = "<group>"; };
/* End PBXFileReference section */

/* Begin PBXFrameworksBuildPhase section */
		93B0826029943FA100CE3816 /* Frameworks */ = {
			isa = PBXFrameworksBuildPhase;
			buildActionMask = 2147483647;
			files = (
			);
			runOnlyForDeploymentPostprocessing = 0;
		};
/* End PBXFrameworksBuildPhase section */

/* Begin PBXGroup section */
		9393F00C299D414E002E5408 /* Badges */ = {
			isa = PBXGroup;
			children = (
				93C192492995BF9A000746C0 /* HexagonParameters.swift */,
				9393F004299D3D6B002E5408 /* BadgeBackground.swift */,
				9393F006299D3F14002E5408 /* BadgeSymbol.swift */,
				9393F008299D40F6002E5408 /* RotatedBadgeSymbol.swift */,
				9393F00A299D411B002E5408 /* Badge.swift */,
			);
			path = Badges;
			sourceTree = "<group>";
		};
		93B0825A29943FA100CE3816 = {
			isa = PBXGroup;
			children = (
				93B0826529943FA100CE3816 /* Landmarks */,
				93B0826429943FA100CE3816 /* Products */,
			);
			sourceTree = "<group>";
		};
		93B0826429943FA100CE3816 /* Products */ = {
			isa = PBXGroup;
			children = (
				93B0826329943FA100CE3816 /* Landmarks.app */,
			);
			name = Products;
			sourceTree = "<group>";
		};
		93B0826529943FA100CE3816 /* Landmarks */ = {
			isa = PBXGroup;
			children = (
				93B0826629943FA100CE3816 /* LandmarksApp.swift */,
				93B0827E2994463200CE3816 /* Views */,
				93B0827F2994463D00CE3816 /* Model */,
				93B082802994464800CE3816 /* Resources */,
				93B0826A29943FA200CE3816 /* Assets.xcassets */,
				93B0826C29943FA200CE3816 /* Preview Content */,
			);
			path = Landmarks;
			sourceTree = "<group>";
		};
		93B0826C29943FA200CE3816 /* Preview Content */ = {
			isa = PBXGroup;
			children = (
				93B0826D29943FA200CE3816 /* Preview Assets.xcassets */,
			);
			path = "Preview Content";
			sourceTree = "<group>";
		};
		93B0827E2994463200CE3816 /* Views */ = {
			isa = PBXGroup;
			children = (
				93DD3C9D29A09D3900C8BE0C /* Hikes */,
				93B0828729944E9300CE3816 /* ContentView.swift */,
				93C192472995BBB7000746C0 /* Helpers */,
				93C192482995BBC8000746C0 /* Landmarks */,
				9393F00C299D414E002E5408 /* Badges */,
			);
			path = Views;
			sourceTree = "<group>";
		};
		93B0827F2994463D00CE3816 /* Model */ = {
			isa = PBXGroup;
			children = (
				93B0827A2994450300CE3816 /* Landmark.swift */,
				93B0827C299445E800CE3816 /* ModelData.swift */,
				93DD3C9B29A09AF900C8BE0C /* Hike.swift */,
			);
			path = Model;
			sourceTree = "<group>";
		};
		93B082802994464800CE3816 /* Resources */ = {
			isa = PBXGroup;
			children = (
				93DD3C9729A09A3300C8BE0C /* hikeData.json */,
				93B08278299444E000CE3816 /* landmarkData.json */,
			);
			path = Resources;
			sourceTree = "<group>";
		};
		93C192472995BBB7000746C0 /* Helpers */ = {
			isa = PBXGroup;
			children = (
				93B082742994417700CE3816 /* CircleImage.swift */,
				93B08276299441DE00CE3816 /* MapView.swift */,
				93C192452995BAFF000746C0 /* FavoriteButton.swift */,
			);
			path = Helpers;
			sourceTree = "<group>";
		};
		93C192482995BBC8000746C0 /* Landmarks */ = {
			isa = PBXGroup;
			children = (
				93B082812994466200CE3816 /* LandmarkRow.swift */,
				93B082832994476600CE3816 /* LandmarkList.swift */,
				93B08285299447E500CE3816 /* LandmarkDetail.swift */,
			);
			path = Landmarks;
			sourceTree = "<group>";
		};
		93DD3C9D29A09D3900C8BE0C /* Hikes */ = {
			isa = PBXGroup;
			children = (
				93DD3C9E29A09D6200C8BE0C /* GraphCapsule.swift */,
				93DD3C9F29A09D6200C8BE0C /* HikeDetail.swift */,
				93DD3CA029A09D6200C8BE0C /* HikeGraph.swift */,
				93DD3CA129A09D6200C8BE0C /* HikeView.swift */,
			);
			path = Hikes;
			sourceTree = "<group>";
		};
/* End PBXGroup section */

/* Begin PBXNativeTarget section */
		93B0826229943FA100CE3816 /* Landmarks */ = {
			isa = PBXNativeTarget;
			buildConfigurationList = 93B0827129943FA200CE3816 /* Build configuration list for PBXNativeTarget "Landmarks" */;
			buildPhases = (
				93B0825F29943FA100CE3816 /* Sources */,
				93B0826029943FA100CE3816 /* Frameworks */,
				93B0826129943FA100CE3816 /* Resources */,
			);
			buildRules = (
			);
			dependencies = (
			);
			name = Landmarks;
			productName = Landmarks;
			productReference = 93B0826329943FA100CE3816 /* Landmarks.app */;
			productType = "com.apple.product-type.application";
		};
/* End PBXNativeTarget section */

/* Begin PBXProject section */
		93B0825B29943FA100CE3816 /* Project object */ = {
			isa = PBXProject;
			attributes = {
				BuildIndependentTargetsInParallel = 1;
				LastSwiftUpdateCheck = 1420;
				LastUpgradeCheck = 1420;
				TargetAttributes = {
					93B0826229943FA100CE3816 = {
						CreatedOnToolsVersion = 14.2;
					};
				};
			};
			buildConfigurationList = 93B0825E29943FA100CE3816 /* Build configuration list for PBXProject "Landmarks" */;
			compatibilityVersion = "Xcode 14.0";
			developmentRegion = en;
			hasScannedForEncodings = 0;
			knownRegions = (
				en,
				Base,
			);
			mainGroup = 93B0825A29943FA100CE3816;
			productRefGroup = 93B0826429943FA100CE3816 /* Products */;
			projectDirPath = "";
			projectRoot = "";
			targets = (
				93B0826229943FA100CE3816 /* Landmarks */,
			);
		};
/* End PBXProject section */

/* Begin PBXResourcesBuildPhase section */
		93B0826129943FA100CE3816 /* Resources */ = {
			isa = PBXResourcesBuildPhase;
			buildActionMask = 2147483647;
			files = (
				93DD3C9829A09A3300C8BE0C /* hikeData.json in Resources */,
				93B0826E29943FA200CE3816 /* Preview Assets.xcassets in Resources */,
				93B0826B29943FA200CE3816 /* Assets.xcassets in Resources */,
				93B08279299444E000CE3816 /* landmarkData.json in Resources */,
			);
			runOnlyForDeploymentPostprocessing = 0;
		};
/* End PBXResourcesBuildPhase section */

/* Begin PBXSourcesBuildPhase section */
		93B0825F29943FA100CE3816 /* Sources */ = {
			isa = PBXSourcesBuildPhase;
			buildActionMask = 2147483647;
			files = (
				93B08277299441DE00CE3816 /* MapView.swift in Sources */,
				9393F00B299D411B002E5408 /* Badge.swift in Sources */,
				93B082822994466200CE3816 /* LandmarkRow.swift in Sources */,
				93DD3CA229A09D6200C8BE0C /* GraphCapsule.swift in Sources */,
				93DD3CA429A09D6200C8BE0C /* HikeGraph.swift in Sources */,
				93B082842994476600CE3816 /* LandmarkList.swift in Sources */,
				93C192462995BAFF000746C0 /* FavoriteButton.swift in Sources */,
				93C1924A2995BF9A000746C0 /* HexagonParameters.swift in Sources */,
				93DD3C9C29A09AF900C8BE0C /* Hike.swift in Sources */,
				9393F009299D40F6002E5408 /* RotatedBadgeSymbol.swift in Sources */,
				9393F007299D3F14002E5408 /* BadgeSymbol.swift in Sources */,
				93B08286299447E500CE3816 /* LandmarkDetail.swift in Sources */,
				93DD3CA329A09D6200C8BE0C /* HikeDetail.swift in Sources */,
				93DD3CA529A09D6200C8BE0C /* HikeView.swift in Sources */,
				93B0826729943FA100CE3816 /* LandmarksApp.swift in Sources */,
				9393F005299D3D6B002E5408 /* BadgeBackground.swift in Sources */,
				93B0828829944E9300CE3816 /* ContentView.swift in Sources */,
				93B082752994417700CE3816 /* CircleImage.swift in Sources */,
				93B0827B2994450300CE3816 /* Landmark.swift in Sources */,
				93B0827D299445E800CE3816 /* ModelData.swift in Sources */,
			);
			runOnlyForDeploymentPostprocessing = 0;
		};
/* End PBXSourcesBuildPhase section */

/* Begin XCBuildConfiguration section */
		93B0826F29943FA200CE3816 /* Debug */ = {
			isa = XCBuildConfiguration;
			buildSettings = {
				ALWAYS_SEARCH_USER_PATHS = NO;
				CLANG_ANALYZER_NONNULL = YES;
				CLANG_ANALYZER_NUMBER_OBJECT_CONVERSION = YES_AGGRESSIVE;
				CLANG_CXX_LANGUAGE_STANDARD = "gnu++20";
				CLANG_ENABLE_MODULES = YES;
				CLANG_ENABLE_OBJC_ARC = YES;
				CLANG_ENABLE_OBJC_WEAK = YES;
				CLANG_WARN_BLOCK_CAPTURE_AUTORELEASING = YES;
				CLANG_WARN_BOOL_CONVERSION = YES;
				CLANG_WARN_COMMA = YES;
				CLANG_WARN_CONSTANT_CONVERSION = YES;
				CLANG_WARN_DEPRECATED_OBJC_IMPLEMENTATIONS = YES;
				CLANG_WARN_DIRECT_OBJC_ISA_USAGE = YES_ERROR;
				CLANG_WARN_DOCUMENTATION_COMMENTS = YES;
				CLANG_WARN_EMPTY_BODY = YES;
				CLANG_WARN_ENUM_CONVERSION = YES;
				CLANG_WARN_INFINITE_RECURSION = YES;
				CLANG_WARN_INT_CONVERSION = YES;
				CLANG_WARN_NON_LITERAL_NULL_CONVERSION = YES;
				CLANG_WARN_OBJC_IMPLICIT_RETAIN_SELF = YES;
				CLANG_WARN_OBJC_LITERAL_CONVERSION = YES;
				CLANG_WARN_OBJC_ROOT_CLASS = YES_ERROR;
				CLANG_WARN_QUOTED_INCLUDE_IN_FRAMEWORK_HEADER = YES;
				CLANG_WARN_RANGE_LOOP_ANALYSIS = YES;
				CLANG_WARN_STRICT_PROTOTYPES = YES;
				CLANG_WARN_SUSPICIOUS_MOVE = YES;
				CLANG_WARN_UNGUARDED_AVAILABILITY = YES_AGGRESSIVE;
				CLANG_WARN_UNREACHABLE_CODE = YES;
				CLANG_WARN__DUPLICATE_METHOD_MATCH = YES;
				COPY_PHASE_STRIP = NO;
				DEBUG_INFORMATION_FORMAT = dwarf;
				ENABLE_STRICT_OBJC_MSGSEND = YES;
				ENABLE_TESTABILITY = YES;
				GCC_C_LANGUAGE_STANDARD = gnu11;
				GCC_DYNAMIC_NO_PIC = NO;
				GCC_NO_COMMON_BLOCKS = YES;
				GCC_OPTIMIZATION_LEVEL = 0;
				GCC_PREPROCESSOR_DEFINITIONS = (
					"DEBUG=1",
					"$(inherited)",
				);
				GCC_WARN_64_TO_32_BIT_CONVERSION = YES;
				GCC_WARN_ABOUT_RETURN_TYPE = YES_ERROR;
				GCC_WARN_UNDECLARED_SELECTOR = YES;
				GCC_WARN_UNINITIALIZED_AUTOS = YES_AGGRESSIVE;
				GCC_WARN_UNUSED_FUNCTION = YES;
				GCC_WARN_UNUSED_VARIABLE = YES;
				IPHONEOS_DEPLOYMENT_TARGET = 16.2;
				MTL_ENABLE_DEBUG_INFO = INCLUDE_SOURCE;
				MTL_FAST_MATH = YES;
				ONLY_ACTIVE_ARCH = YES;
				SDKROOT = iphoneos;
				SWIFT_ACTIVE_COMPILATION_CONDITIONS = DEBUG;
				SWIFT_OPTIMIZATION_LEVEL = "-Onone";
			};
			name = Debug;
		};
		93B0827029943FA200CE3816 /* Release */ = {
			isa = XCBuildConfiguration;
			buildSettings = {
				ALWAYS_SEARCH_USER_PATHS = NO;
				CLANG_ANALYZER_NONNULL = YES;
				CLANG_ANALYZER_NUMBER_OBJECT_CONVERSION = YES_AGGRESSIVE;
				CLANG_CXX_LANGUAGE_STANDARD = "gnu++20";
				CLANG_ENABLE_MODULES = YES;
				CLANG_ENABLE_OBJC_ARC = YES;
				CLANG_ENABLE_OBJC_WEAK = YES;
				CLANG_WARN_BLOCK_CAPTURE_AUTORELEASING = YES;
				CLANG_WARN_BOOL_CONVERSION = YES;
				CLANG_WARN_COMMA = YES;
				CLANG_WARN_CONSTANT_CONVERSION = YES;
				CLANG_WARN_DEPRECATED_OBJC_IMPLEMENTATIONS = YES;
				CLANG_WARN_DIRECT_OBJC_ISA_USAGE = YES_ERROR;
				CLANG_WARN_DOCUMENTATION_COMMENTS = YES;
				CLANG_WARN_EMPTY_BODY = YES;
				CLANG_WARN_ENUM_CONVERSION = YES;
				CLANG_WARN_INFINITE_RECURSION = YES;
				CLANG_WARN_INT_CONVERSION = YES;
				CLANG_WARN_NON_LITERAL_NULL_CONVERSION = YES;
				CLANG_WARN_OBJC_IMPLICIT_RETAIN_SELF = YES;
				CLANG_WARN_OBJC_LITERAL_CONVERSION = YES;
				CLANG_WARN_OBJC_ROOT_CLASS = YES_ERROR;
				CLANG_WARN_QUOTED_INCLUDE_IN_FRAMEWORK_HEADER = YES;
				CLANG_WARN_RANGE_LOOP_ANALYSIS = YES;
				CLANG_WARN_STRICT_PROTOTYPES = YES;
				CLANG_WARN_SUSPICIOUS_MOVE = YES;
				CLANG_WARN_UNGUARDED_AVAILABILITY = YES_AGGRESSIVE;
				CLANG_WARN_UNREACHABLE_CODE = YES;
				CLANG_WARN__DUPLICATE_METHOD_MATCH = YES;
				COPY_PHASE_STRIP = NO;
				DEBUG_INFORMATION_FORMAT = "dwarf-with-dsym";
				ENABLE_NS_ASSERTIONS = NO;
				ENABLE_STRICT_OBJC_MSGSEND = YES;
				GCC_C_LANGUAGE_STANDARD = gnu11;
				GCC_NO_COMMON_BLOCKS = YES;
				GCC_WARN_64_TO_32_BIT_CONVERSION = YES;
				GCC_WARN_ABOUT_RETURN_TYPE = YES_ERROR;
				GCC_WARN_UNDECLARED_SELECTOR = YES;
				GCC_WARN_UNINITIALIZED_AUTOS = YES_AGGRESSIVE;
				GCC_WARN_UNUSED_FUNCTION = YES;
				GCC_WARN_UNUSED_VARIABLE = YES;
				IPHONEOS_DEPLOYMENT_TARGET = 16.2;
				MTL_ENABLE_DEBUG_INFO = NO;
				MTL_FAST_MATH = YES;
				SDKROOT = iphoneos;
				SWIFT_COMPILATION_MODE = wholemodule;
				SWIFT_OPTIMIZATION_LEVEL = "-O";
				VALIDATE_PRODUCT = YES;
			};
			name = Release;
		};
		93B0827229943FA200CE3816 /* Debug */ = {
			isa = XCBuildConfiguration;
			buildSettings = {
				ASSETCATALOG_COMPILER_APPICON_NAME = AppIcon;
				ASSETCATALOG_COMPILER_GLOBAL_ACCENT_COLOR_NAME = AccentColor;
				CODE_SIGN_STYLE = Automatic;
				CURRENT_PROJECT_VERSION = 1;
				DEVELOPMENT_ASSET_PATHS = "\"Landmarks/Preview Content\"";
				DEVELOPMENT_TEAM = UJX3LTM884;
				ENABLE_PREVIEWS = YES;
				GENERATE_INFOPLIST_FILE = YES;
				INFOPLIST_KEY_UIApplicationSceneManifest_Generation = YES;
				INFOPLIST_KEY_UIApplicationSupportsIndirectInputEvents = YES;
				INFOPLIST_KEY_UILaunchScreen_Generation = YES;
				INFOPLIST_KEY_UISupportedInterfaceOrientations_iPad = "UIInterfaceOrientationPortrait UIInterfaceOrientationPortraitUpsideDown UIInterfaceOrientationLandscapeLeft UIInterfaceOrientationLandscapeRight";
				INFOPLIST_KEY_UISupportedInterfaceOrientations_iPhone = "UIInterfaceOrientationPortrait UIInterfaceOrientationLandscapeLeft UIInterfaceOrientationLandscapeRight";
				LD_RUNPATH_SEARCH_PATHS = (
					"$(inherited)",
					"@executable_path/Frameworks",
				);
				MARKETING_VERSION = 1.0;
				PRODUCT_BUNDLE_IDENTIFIER = dev.sparshva72.Landmarks;
				PRODUCT_NAME = "$(TARGET_NAME)";
				SWIFT_EMIT_LOC_STRINGS = YES;
				SWIFT_VERSION = 5.0;
				TARGETED_DEVICE_FAMILY = "1,2";
			};
			name = Debug;
		};
		93B0827329943FA200CE3816 /* Release */ = {
			isa = XCBuildConfiguration;
			buildSettings = {
				ASSETCATALOG_COMPILER_APPICON_NAME = AppIcon;
				ASSETCATALOG_COMPILER_GLOBAL_ACCENT_COLOR_NAME = AccentColor;
				CODE_SIGN_STYLE = Automatic;
				CURRENT_PROJECT_VERSION = 1;
				DEVELOPMENT_ASSET_PATHS = "\"Landmarks/Preview Content\"";
				DEVELOPMENT_TEAM = UJX3LTM884;
				ENABLE_PREVIEWS = YES;
				GENERATE_INFOPLIST_FILE = YES;
				INFOPLIST_KEY_UIApplicationSceneManifest_Generation = YES;
				INFOPLIST_KEY_UIApplicationSupportsIndirectInputEvents = YES;
				INFOPLIST_KEY_UILaunchScreen_Generation = YES;
				INFOPLIST_KEY_UISupportedInterfaceOrientations_iPad = "UIInterfaceOrientationPortrait UIInterfaceOrientationPortraitUpsideDown UIInterfaceOrientationLandscapeLeft UIInterfaceOrientationLandscapeRight";
				INFOPLIST_KEY_UISupportedInterfaceOrientations_iPhone = "UIInterfaceOrientationPortrait UIInterfaceOrientationLandscapeLeft UIInterfaceOrientationLandscapeRight";
				LD_RUNPATH_SEARCH_PATHS = (
					"$(inherited)",
					"@executable_path/Frameworks",
				);
				MARKETING_VERSION = 1.0;
				PRODUCT_BUNDLE_IDENTIFIER = dev.sparshva72.Landmarks;
				PRODUCT_NAME = "$(TARGET_NAME)";
				SWIFT_EMIT_LOC_STRINGS = YES;
				SWIFT_VERSION = 5.0;
				TARGETED_DEVICE_FAMILY = "1,2";
			};
			name = Release;
		};
/* End XCBuildConfiguration section */

/* Begin XCConfigurationList section */
		93B0825E29943FA100CE3816 /* Build configuration list for PBXProject "Landmarks" */ = {
			isa = XCConfigurationList;
			buildConfigurations = (
				93B0826F29943FA200CE3816 /* Debug */,
				93B0827029943FA200CE3816 /* Release */,
			);
			defaultConfigurationIsVisible = 0;
			defaultConfigurationName = Release;
		};
		93B0827129943FA200CE3816 /* Build configuration list for PBXNativeTarget "Landmarks" */ = {
			isa = XCConfigurationList;
			buildConfigurations = (
				93B0827229943FA200CE3816 /* Debug */,
				93B0827329943FA200CE3816 /* Release */,
			);
			defaultConfigurationIsVisible = 0;
			defaultConfigurationName = Release;
		};
/* End XCConfigurationList section */
	};
	rootObject = 93B0825B29943FA100CE3816 /* Project object */;
}
